
Microsoft Visual Studio Solution File, Format Version 12.00
# Visual Studio Version 17
VisualStudioVersion = 17.13.35913.81 d17.13
MinimumVisualStudioVersion = 10.0.40219.1
Project("{FAE04EC0-301F-11D3-BF4B-00C04F79EFBC}") = "TryBeta", "TryBeta\TryBeta.csproj", "{A21D74A8-4172-416E-88B9-173387D8ED20}"
EndProject
Global
	GlobalSection(SolutionConfigurationPlatforms) = preSolution
		Debug|Any CPU = Debug|Any CPU
		Release|Any CPU = Release|Any CPU
	EndGlobalSection
	GlobalSection(ProjectConfigurationPlatforms) = postSolution
		{A21D74A8-4172-416E-88B9-173387D8ED20}.Debug|Any CPU.ActiveCfg = Debug|Any CPU
		{A21D74A8-4172-416E-88B9-173387D8ED20}.Debug|Any CPU.Build.0 = Debug|Any CPU
		{A21D74A8-4172-416E-88B9-173387D8ED20}.Release|Any CPU.ActiveCfg = Release|Any CPU
		{A21D74A8-4172-416E-88B9-173387D8ED20}.Release|Any CPU.Build.0 = Release|Any CPU
	EndGlobalSection
	GlobalSection(SolutionProperties) = preSolution
		HideSolutionNode = FALSE
	EndGlobalSection
	GlobalSection(ExtensibilityGlobals) = postSolution
		SolutionGuid = {534FE10F-8D42-4F4B-A1FF-270735F99826}
	EndGlobalSection
EndGlobal
